<?xml version="1.0" encoding="utf-8"?>
<Project ToolsVersion="4.0" xmlns="http://schemas.microsoft.com/developer/msbuild/2003">
  <ItemGroup>
    <ClCompile Include="ressources\LTexture.cpp" />
    <ClCompile Include="source\Ennemis.cpp" />
    <ClCompile Include="source\EntiteVolante.cpp" />
    <ClCompile Include="source\EsquadronTie.cpp" />
    <ClCompile Include="source\Joueur.cpp" />
    <ClCompile Include="source\main.cpp" />
    <ClCompile Include="source\Obstacle.cpp" />
    <ClCompile Include="source\Plateau.cpp" />
    <ClCompile Include="source\Projectile.cpp" />
    <ClCompile Include="source\Vaisseau.cpp" />
    <ClCompile Include="WorldRenderer.cpp" />
  </ItemGroup>
  <ItemGroup>
    <ClInclude Include="ressources\boolinit.h" />
    <ClInclude Include="ressources\close.h" />
    <ClInclude Include="ressources\initialise.h" />
    <ClInclude Include="ressources\loadFromFile.h" />
    <ClInclude Include="ressources\loadmedia.h" />
    <ClInclude Include="ressources\loadtexture.h" />
    <ClInclude Include="ressources\LTexture.h" />
    <ClInclude Include="source\Ennemis.h" />
    <ClInclude Include="source\EntiteVolante.h" />
    <ClInclude Include="source\EsquadronTie.h" />
    <ClInclude Include="source\Joueur.h" />
    <ClInclude Include="source\Obstacle.h" />
    <ClInclude Include="source\Plateau.h" />
    <ClInclude Include="source\Projectile.h" />
    <ClInclude Include="source\Vaisseau.h" />
    <ClInclude Include="WorldRenderer.h" />
  </ItemGroup>
</Project>